// !$*UTF8*$!
{
	archiveVersion = 1;
	classes = {
	};
	objectVersion = 77;
	objects = {

/* Begin PBXBuildFile section */
		23B7D57AB57ECD5A5FFB33F7 /* FirebaseAuth in Frameworks */ = {isa = PBXBuildFile; productRef = 6D3F8634C66761128A7906F9 /* FirebaseAuth */; };
		2B30D61588B9E408D6ACEF88 /* PhoneValidationTests.swift in Sources */ = {isa = PBXBuildFile; fileRef = 4648BA7FE2826594A2A5F178 /* PhoneValidationTests.swift */; };
		34C18E5E5C89A6A03D76824F /* UserSessionManagerWalkTests.swift in Sources */ = {isa = PBXBuildFile; fileRef = A8A8F157F3B2A6F4E58F143D /* UserSessionManagerWalkTests.swift */; };
		4E517BDC1D4579D377AF786F /* GoogleSignIn in Frameworks */ = {isa = PBXBuildFile; productRef = C348B8F26DA499FF7D18ED99 /* GoogleSignIn */; };
		679B9871AA382BF8DF0D81DA /* ContactModelTests.swift in Sources */ = {isa = PBXBuildFile; fileRef = DADBB1622098B236EAAB6ED5 /* ContactModelTests.swift */; };
		6949E4F59DB5E9EBD2C9F24F /* Foundation.framework in Frameworks */ = {isa = PBXBuildFile; fileRef = 197B16467A162EE08AD0E322 /* Foundation.framework */; };
		7D4958A32F80F600007D39DA /* FirebaseCore in Frameworks */ = {isa = PBXBuildFile; productRef = 7D4958A12F80F600007D39DA /* FirebaseCore */; };
		7D4958A42F80F600007D39DA /* FirebaseFirestore in Frameworks */ = {isa = PBXBuildFile; productRef = 7D4958A22F80F600007D39DA /* FirebaseFirestore */; };
		C451490C450236D54FCED30C /* WalkSessionModelTests.swift in Sources */ = {isa = PBXBuildFile; fileRef = 59EDB02A0AFA5F155C521B4B /* WalkSessionModelTests.swift */; };
		EDF04699107BAB98E99A73E2 /* ContactsViewModelTests.swift in Sources */ = {isa = PBXBuildFile; fileRef = 8E4E718D3E1662086C6F37F5 /* ContactsViewModelTests.swift */; };
/* End PBXBuildFile section */

/* Begin PBXContainerItemProxy section */
		570391EEE71E6BBF61761127 /* PBXContainerItemProxy */ = {
			isa = PBXContainerItemProxy;
			containerPortal = 7D4958372F80F5EE007D39DA /* Project object */;
			proxyType = 1;
			remoteGlobalIDString = 7D49583E2F80F5EE007D39DA;
			remoteInfo = SafeWalk;
		};
/* End PBXContainerItemProxy section */

/* Begin PBXFileReference section */
		197B16467A162EE08AD0E322 /* Foundation.framework */ = {isa = PBXFileReference; lastKnownFileType = wrapper.framework; name = Foundation.framework; path = Platforms/iPhoneOS.platform/Developer/SDKs/iPhoneOS18.0.sdk/System/Library/Frameworks/Foundation.framework; sourceTree = DEVELOPER_DIR; };
		4648BA7FE2826594A2A5F178 /* PhoneValidationTests.swift */ = {isa = PBXFileReference; includeInIndex = 1; lastKnownFileType = sourcecode.swift; path = PhoneValidationTests.swift; sourceTree = "<group>"; };
		59EDB02A0AFA5F155C521B4B /* WalkSessionModelTests.swift */ = {isa = PBXFileReference; includeInIndex = 1; lastKnownFileType = sourcecode.swift; path = WalkSessionModelTests.swift; sourceTree = "<group>"; };
		7D49583F2F80F5EE007D39DA /* SafeWalk.app */ = {isa = PBXFileReference; explicitFileType = wrapper.application; includeInIndex = 0; path = SafeWalk.app; sourceTree = BUILT_PRODUCTS_DIR; };
		8E4E718D3E1662086C6F37F5 /* ContactsViewModelTests.swift */ = {isa = PBXFileReference; includeInIndex = 1; lastKnownFileType = sourcecode.swift; path = ContactsViewModelTests.swift; sourceTree = "<group>"; };
		A8A8F157F3B2A6F4E58F143D /* UserSessionManagerWalkTests.swift */ = {isa = PBXFileReference; includeInIndex = 1; lastKnownFileType = sourcecode.swift; path = UserSessionManagerWalkTests.swift; sourceTree = "<group>"; };
		ABA6ABCFF567C194D07FAA1F /* SafeWalkTests.xctest */ = {isa = PBXFileReference; explicitFileType = wrapper.cfbundle; includeInIndex = 0; path = SafeWalkTests.xctest; sourceTree = BUILT_PRODUCTS_DIR; };
		DADBB1622098B236EAAB6ED5 /* ContactModelTests.swift */ = {isa = PBXFileReference; includeInIndex = 1; lastKnownFileType = sourcecode.swift; path = ContactModelTests.swift; sourceTree = "<group>"; };
/* End PBXFileReference section */

/* Begin PBXFileSystemSynchronizedBuildFileExceptionSet section */
		7D4301C92FAF4119004DDEA5 /* Exceptions for "SafeWalk" folder in "SafeWalk" target */ = {
			isa = PBXFileSystemSynchronizedBuildFileExceptionSet;
			membershipExceptions = (
				Info.plist,
			);
			target = 7D49583E2F80F5EE007D39DA /* SafeWalk */;
		};
/* End PBXFileSystemSynchronizedBuildFileExceptionSet section */

/* Begin PBXFileSystemSynchronizedRootGroup section */
		7D4958412F80F5EE007D39DA /* SafeWalk */ = {
			isa = PBXFileSystemSynchronizedRootGroup;
			exceptions = (
				7D4301C92FAF4119004DDEA5 /* Exceptions for "SafeWalk" folder in "SafeWalk" target */,
			);
			path = SafeWalk;
			sourceTree = "<group>";
		};
/* End PBXFileSystemSynchronizedRootGroup section */

/* Begin PBXFrameworksBuildPhase section */
		7D49583C2F80F5EE007D39DA /* Frameworks */ = {
			isa = PBXFrameworksBuildPhase;
			buildActionMask = 2147483647;
			files = (
				7D4958A32F80F600007D39DA /* FirebaseCore in Frameworks */,
				7D4958A42F80F600007D39DA /* FirebaseFirestore in Frameworks */,
				23B7D57AB57ECD5A5FFB33F7 /* FirebaseAuth in Frameworks */,
				4E517BDC1D4579D377AF786F /* GoogleSignIn in Frameworks */,
			);
			runOnlyForDeploymentPostprocessing = 0;
		};
		D087166BCF4EB51BED548E33 /* Frameworks */ = {
			isa = PBXFrameworksBuildPhase;
			buildActionMask = 2147483647;
			files = (
				6949E4F59DB5E9EBD2C9F24F /* Foundation.framework in Frameworks */,
			);
			runOnlyForDeploymentPostprocessing = 0;
		};
/* End PBXFrameworksBuildPhase section */

/* Begin PBXGroup section */
		7D4958362F80F5EE007D39DA = {
			isa = PBXGroup;
			children = (
				7D4958412F80F5EE007D39DA /* SafeWalk */,
				7D4958402F80F5EE007D39DA /* Products */,
				A4066A7CBB03F6A1118513A1 /* Frameworks */,
				C1D90DAB9A80B51BC5E109F6 /* SafeWalkTests */,
			);
			sourceTree = "<group>";
		};
		7D4958402F80F5EE007D39DA /* Products */ = {
			isa = PBXGroup;
			children = (
				7D49583F2F80F5EE007D39DA /* SafeWalk.app */,
				ABA6ABCFF567C194D07FAA1F /* SafeWalkTests.xctest */,
			);
			name = Products;
			sourceTree = "<group>";
		};
		A4066A7CBB03F6A1118513A1 /* Frameworks */ = {
			isa = PBXGroup;
			children = (
				F293DD0DACDB73EE478804A3 /* iOS */,
			);
			name = Frameworks;
			sourceTree = "<group>";
		};
		C1D90DAB9A80B51BC5E109F6 /* SafeWalkTests */ = {
			isa = PBXGroup;
			children = (
				DADBB1622098B236EAAB6ED5 /* ContactModelTests.swift */,
				8E4E718D3E1662086C6F37F5 /* ContactsViewModelTests.swift */,
				A8A8F157F3B2A6F4E58F143D /* UserSessionManagerWalkTests.swift */,
				4648BA7FE2826594A2A5F178 /* PhoneValidationTests.swift */,
				59EDB02A0AFA5F155C521B4B /* WalkSessionModelTests.swift */,
			);
			name = SafeWalkTests;
			path = SafeWalkTests;
			sourceTree = "<group>";
		};
		F293DD0DACDB73EE478804A3 /* iOS */ = {
			isa = PBXGroup;
			children = (
				197B16467A162EE08AD0E322 /* Foundation.framework */,
			);
			name = iOS;
			sourceTree = "<group>";
		};
/* End PBXGroup section */

/* Begin PBXNativeTarget section */
		7D49583E2F80F5EE007D39DA /* SafeWalk */ = {
			isa = PBXNativeTarget;
			buildConfigurationList = 7D49584A2F80F5EF007D39DA /* Build configuration list for PBXNativeTarget "SafeWalk" */;
			buildPhases = (
				7D49583B2F80F5EE007D39DA /* Sources */,
				7D49583C2F80F5EE007D39DA /* Frameworks */,
				7D49583D2F80F5EE007D39DA /* Resources */,
			);
			buildRules = (
			);
			dependencies = (
			);
			fileSystemSynchronizedGroups = (
				7D4958412F80F5EE007D39DA /* SafeWalk */,
			);
			name = SafeWalk;
			packageProductDependencies = (
				7D4958A12F80F600007D39DA /* FirebaseCore */,
				7D4958A22F80F600007D39DA /* FirebaseFirestore */,
			);
			productName = SafeWalk;
			productReference = 7D49583F2F80F5EE007D39DA /* SafeWalk.app */;
			productType = "com.apple.product-type.application";
		};
		F1320EC21971FA88ACC2B69C /* SafeWalkTests */ = {
			isa = PBXNativeTarget;
			buildConfigurationList = 9C07DEEDB12FC005E5E37FA9 /* Build configuration list for PBXNativeTarget "SafeWalkTests" */;
			buildPhases = (
				F69703AF64A0B407421CF1A9 /* Sources */,
				D087166BCF4EB51BED548E33 /* Frameworks */,
				2F1469168A0E6349557566C9 /* Resources */,
			);
			buildRules = (
			);
			dependencies = (
				B0CD85D819F925AAD9FC7430 /* PBXTargetDependency */,
			);
			name = SafeWalkTests;
			productName = SafeWalkTests;
			productReference = ABA6ABCFF567C194D07FAA1F /* SafeWalkTests.xctest */;
			productType = "com.apple.product-type.bundle.unit-test";
		};
/* End PBXNativeTarget section */

/* Begin PBXProject section */
		7D4958372F80F5EE007D39DA /* Project object */ = {
			isa = PBXProject;
			attributes = {
				BuildIndependentTargetsInParallel = 1;
				LastSwiftUpdateCheck = 2620;
				LastUpgradeCheck = 2620;
				TargetAttributes = {
					7D49583E2F80F5EE007D39DA = {
						CreatedOnToolsVersion = 26.2;
					};
				};
			};
			buildConfigurationList = 7D49583A2F80F5EE007D39DA /* Build configuration list for PBXProject "SafeWalk" */;
			developmentRegion = en;
			hasScannedForEncodings = 0;
			knownRegions = (
				en,
				Base,
			);
			mainGroup = 7D4958362F80F5EE007D39DA;
			minimizedProjectReferenceProxies = 1;
			packageReferences = (
				7D4958A02F80F600007D39DA /* XCRemoteSwiftPackageReference "firebase-ios-sdk" */,
				AA7A702F2BD6C77D41680221 /* XCRemoteSwiftPackageReference "GoogleSignIn-iOS" */,
			);
			preferredProjectObjectVersion = 77;
			productRefGroup = 7D4958402F80F5EE007D39DA /* Products */;
			projectDirPath = "";
			projectRoot = "";
			targets = (
				7D49583E2F80F5EE007D39DA /* SafeWalk */,
				F1320EC21971FA88ACC2B69C /* SafeWalkTests */,
			);
		};
/* End PBXProject section */

/* Begin PBXResourcesBuildPhase section */
		2F1469168A0E6349557566C9 /* Resources */ = {
			isa = PBXResourcesBuildPhase;
			buildActionMask = 2147483647;
			files = (
			);
			runOnlyForDeploymentPostprocessing = 0;
		};
		7D49583D2F80F5EE007D39DA /* Resources */ = {
			isa = PBXResourcesBuildPhase;
			buildActionMask = 2147483647;
			files = (
			);
			runOnlyForDeploymentPostprocessing = 0;
		};
/* End PBXResourcesBuildPhase section */

/* Begin PBXSourcesBuildPhase section */
		7D49583B2F80F5EE007D39DA /* Sources */ = {
			isa = PBXSourcesBuildPhase;
			buildActionMask = 2147483647;
			files = (
			);
			runOnlyForDeploymentPostprocessing = 0;
		};
		F69703AF64A0B407421CF1A9 /* Sources */ = {
			isa = PBXSourcesBuildPhase;
			buildActionMask = 2147483647;
			files = (
				679B9871AA382BF8DF0D81DA /* ContactModelTests.swift in Sources */,
				EDF04699107BAB98E99A73E2 /* ContactsViewModelTests.swift in Sources */,
				34C18E5E5C89A6A03D76824F /* UserSessionManagerWalkTests.swift in Sources */,
				2B30D61588B9E408D6ACEF88 /* PhoneValidationTests.swift in Sources */,
				C451490C450236D54FCED30C /* WalkSessionModelTests.swift in Sources */,
			);
			runOnlyForDeploymentPostprocessing = 0;
		};
/* End PBXSourcesBuildPhase section */

/* Begin PBXTargetDependency section */
		B0CD85D819F925AAD9FC7430 /* PBXTargetDependency */ = {
			isa = PBXTargetDependency;
			name = SafeWalk;
			target = 7D49583E2F80F5EE007D39DA /* SafeWalk */;
			targetProxy = 570391EEE71E6BBF61761127 /* PBXContainerItemProxy */;
		};
/* End PBXTargetDependency section */

/* Begin XCBuildConfiguration section */
		4054D70AA065E2A7FA1BD3EC /* Release */ = {
			isa = XCBuildConfiguration;
			buildSettings = {
				BUNDLE_LOADER = "$(TEST_HOST)";
				CLANG_ENABLE_OBJC_WEAK = NO;
				CODE_SIGN_STYLE = Automatic;
				GENERATE_INFOPLIST_FILE = YES;
				IPHONEOS_DEPLOYMENT_TARGET = 16.0;
				PRODUCT_BUNDLE_IDENTIFIER = com.cobsccomp24.safewalk.tests;
				SDKROOT = iphoneos;
				SWIFT_VERSION = 5.0;
				TEST_HOST = "$(BUILT_PRODUCTS_DIR)/SafeWalk.app/$(BUNDLE_EXECUTABLE_FOLDER_PATH)/SafeWalk";
				VALIDATE_PRODUCT = YES;
			};
			name = Release;
		};
		51AAABC998AE7473F0F2384E /* Debug */ = {
			isa = XCBuildConfiguration;
			buildSettings = {
				BUNDLE_LOADER = "$(TEST_HOST)";
				CLANG_ENABLE_OBJC_WEAK = NO;
				CODE_SIGN_STYLE = Automatic;
				GENERATE_INFOPLIST_FILE = YES;
				IPHONEOS_DEPLOYMENT_TARGET = 16.0;
				PRODUCT_BUNDLE_IDENTIFIER = com.cobsccomp24.safewalk.tests;
				SDKROOT = iphoneos;
				SWIFT_VERSION = 5.0;
				TEST_HOST = "$(BUILT_PRODUCTS_DIR)/SafeWalk.app/$(BUNDLE_EXECUTABLE_FOLDER_PATH)/SafeWalk";
			};
			name = Debug;
		};
		7D4958482F80F5EF007D39DA /* Debug */ = {
			isa = XCBuildConfiguration;
			buildSettings = {
				ALWAYS_SEARCH_USER_PATHS = NO;
				ASSETCATALOG_COMPILER_GENERATE_SWIFT_ASSET_SYMBOL_EXTENSIONS = YES;
				CLANG_ANALYZER_NONNULL = YES;
				CLANG_ANALYZER_NUMBER_OBJECT_CONVERSION = YES_AGGRESSIVE;
				CLANG_CXX_LANGUAGE_STANDARD = "gnu++20";
				CLANG_ENABLE_MODULES = YES;
				CLANG_ENABLE_OBJC_ARC = YES;
				CLANG_ENABLE_OBJC_WEAK = YES;
				CLANG_WARN_BLOCK_CAPTURE_AUTORELEASING = YES;
				CLANG_WARN_BOOL_CONVERSION = YES;
				CLANG_WARN_COMMA = YES;
				CLANG_WARN_CONSTANT_CONVERSION = YES;
				CLANG_WARN_DEPRECATED_OBJC_IMPLEMENTATIONS = YES;
				CLANG_WARN_DIRECT_OBJC_ISA_USAGE = YES_ERROR;
				CLANG_WARN_DOCUMENTATION_COMMENTS = YES;
				CLANG_WARN_EMPTY_BODY = YES;
				CLANG_WARN_ENUM_CONVERSION = YES;
				CLANG_WARN_INFINITE_RECURSION = YES;
				CLANG_WARN_INT_CONVERSION = YES;
				CLANG_WARN_NON_LITERAL_NULL_CONVERSION = YES;
				CLANG_WARN_OBJC_IMPLICIT_RETAIN_SELF = YES;
				CLANG_WARN_OBJC_LITERAL_CONVERSION = YES;
				CLANG_WARN_OBJC_ROOT_CLASS = YES_ERROR;
				CLANG_WARN_QUOTED_INCLUDE_IN_FRAMEWORK_HEADER = YES;
				CLANG_WARN_RANGE_LOOP_ANALYSIS = YES;
				CLANG_WARN_STRICT_PROTOTYPES = YES;
				CLANG_WARN_SUSPICIOUS_MOVE = YES;
				CLANG_WARN_UNGUARDED_AVAILABILITY = YES_AGGRESSIVE;
				CLANG_WARN_UNREACHABLE_CODE = YES;
				CLANG_WARN__DUPLICATE_METHOD_MATCH = YES;
				COPY_PHASE_STRIP = NO;
				DEBUG_INFORMATION_FORMAT = dwarf;
				ENABLE_STRICT_OBJC_MSGSEND = YES;
				ENABLE_TESTABILITY = YES;
				ENABLE_USER_SCRIPT_SANDBOXING = YES;
				GCC_C_LANGUAGE_STANDARD = gnu17;
				GCC_DYNAMIC_NO_PIC = NO;
				GCC_NO_COMMON_BLOCKS = YES;
				GCC_OPTIMIZATION_LEVEL = 0;
				GCC_PREPROCESSOR_DEFINITIONS = (
					"DEBUG=1",
					"$(inherited)",
				);
				GCC_WARN_64_TO_32_BIT_CONVERSION = YES;
				GCC_WARN_ABOUT_RETURN_TYPE = YES_ERROR;
				GCC_WARN_UNDECLARED_SELECTOR = YES;
				GCC_WARN_UNINITIALIZED_AUTOS = YES_AGGRESSIVE;
				GCC_WARN_UNUSED_FUNCTION = YES;
				GCC_WARN_UNUSED_VARIABLE = YES;
				LOCALIZATION_PREFERS_STRING_CATALOGS = YES;
				MTL_ENABLE_DEBUG_INFO = INCLUDE_SOURCE;
				MTL_FAST_MATH = YES;
				ONLY_ACTIVE_ARCH = YES;
				SWIFT_ACTIVE_COMPILATION_CONDITIONS = "DEBUG $(inherited)";
				SWIFT_OPTIMIZATION_LEVEL = "-Onone";
			};
			name = Debug;
		};
		7D4958492F80F5EF007D39DA /* Release */ = {
			isa = XCBuildConfiguration;
			buildSettings = {
				ALWAYS_SEARCH_USER_PATHS = NO;
				ASSETCATALOG_COMPILER_GENERATE_SWIFT_ASSET_SYMBOL_EXTENSIONS = YES;
				CLANG_ANALYZER_NONNULL = YES;
				CLANG_ANALYZER_NUMBER_OBJECT_CONVERSION = YES_AGGRESSIVE;
				CLANG_CXX_LANGUAGE_STANDARD = "gnu++20";
				CLANG_ENABLE_MODULES = YES;
				CLANG_ENABLE_OBJC_ARC = YES;
				CLANG_ENABLE_OBJC_WEAK = YES;
				CLANG_WARN_BLOCK_CAPTURE_AUTORELEASING = YES;
				CLANG_WARN_BOOL_CONVERSION = YES;
				CLANG_WARN_COMMA = YES;
				CLANG_WARN_CONSTANT_CONVERSION = YES;
				CLANG_WARN_DEPRECATED_OBJC_IMPLEMENTATIONS = YES;
				CLANG_WARN_DIRECT_OBJC_ISA_USAGE = YES_ERROR;
				CLANG_WARN_DOCUMENTATION_COMMENTS = YES;
				CLANG_WARN_EMPTY_BODY = YES;
				CLANG_WARN_ENUM_CONVERSION = YES;
				CLANG_WARN_INFINITE_RECURSION = YES;
				CLANG_WARN_INT_CONVERSION = YES;
				CLANG_WARN_NON_LITERAL_NULL_CONVERSION = YES;
				CLANG_WARN_OBJC_IMPLICIT_RETAIN_SELF = YES;
				CLANG_WARN_OBJC_LITERAL_CONVERSION = YES;
				CLANG_WARN_OBJC_ROOT_CLASS = YES_ERROR;
				CLANG_WARN_QUOTED_INCLUDE_IN_FRAMEWORK_HEADER = YES;
				CLANG_WARN_RANGE_LOOP_ANALYSIS = YES;
				CLANG_WARN_STRICT_PROTOTYPES = YES;
				CLANG_WARN_SUSPICIOUS_MOVE = YES;
				CLANG_WARN_UNGUARDED_AVAILABILITY = YES_AGGRESSIVE;
				CLANG_WARN_UNREACHABLE_CODE = YES;
				CLANG_WARN__DUPLICATE_METHOD_MATCH = YES;
				COPY_PHASE_STRIP = NO;
				DEBUG_INFORMATION_FORMAT = "dwarf-with-dsym";
				ENABLE_NS_ASSERTIONS = NO;
				ENABLE_STRICT_OBJC_MSGSEND = YES;
				ENABLE_USER_SCRIPT_SANDBOXING = YES;
				GCC_C_LANGUAGE_STANDARD = gnu17;
				GCC_NO_COMMON_BLOCKS = YES;
				GCC_WARN_64_TO_32_BIT_CONVERSION = YES;
				GCC_WARN_ABOUT_RETURN_TYPE = YES_ERROR;
				GCC_WARN_UNDECLARED_SELECTOR = YES;
				GCC_WARN_UNINITIALIZED_AUTOS = YES_AGGRESSIVE;
				GCC_WARN_UNUSED_FUNCTION = YES;
				GCC_WARN_UNUSED_VARIABLE = YES;
				LOCALIZATION_PREFERS_STRING_CATALOGS = YES;
				MTL_ENABLE_DEBUG_INFO = NO;
				MTL_FAST_MATH = YES;
				SWIFT_COMPILATION_MODE = wholemodule;
			};
			name = Release;
		};
		7D49584B2F80F5EF007D39DA /* Debug */ = {
			isa = XCBuildConfiguration;
			buildSettings = {
				ASSETCATALOG_COMPILER_APPICON_NAME = AppIcon;
				ASSETCATALOG_COMPILER_GLOBAL_ACCENT_COLOR_NAME = AccentColor;
				CODE_SIGN_STYLE = Automatic;
				CURRENT_PROJECT_VERSION = 1;
				DEVELOPMENT_TEAM = R8U3M5N44W;
				ENABLE_PREVIEWS = YES;
				GENERATE_INFOPLIST_FILE = YES;
				INFOPLIST_FILE = SafeWalk/Info.plist;
				INFOPLIST_KEY_CFBundleURLTypes = "( {\n    CFBundleTypeRole = Editor;\n    CFBundleURLSchemes =     (\n        \"com.googleusercontent.apps.306821039012-bbcu61k5bo251uomr31ogq9mnh9okqk6\",\n    );\n} )";
				INFOPLIST_KEY_FirebaseAppDelegateProxyEnabled = YES;
				INFOPLIST_KEY_NSFaceIDUsageDescription = "SafeWalk uses Face ID for quick and secure safety check-ins.";
				INFOPLIST_KEY_NSLocationAlwaysAndWhenInUseUsageDescription = "SafeWalk needs your location for maps, live sharing during a walk, and to include your position if your timer ends.";
				INFOPLIST_KEY_NSLocationWhenInUseUsageDescription = "SafeWalk uses your location on the map and when sharing a walk with a guardian.";
				INFOPLIST_KEY_NSPhotoLibraryUsageDescription = "Choose a photo for your SafeWalk profile.";
				INFOPLIST_KEY_UIApplicationSceneManifest_Generation = YES;
				"INFOPLIST_KEY_UIApplicationSceneManifest_Generation[sdk=iphoneos*]" = YES;
				"INFOPLIST_KEY_UIApplicationSceneManifest_Generation[sdk=iphonesimulator*]" = YES;
				INFOPLIST_KEY_UIApplicationSupportsIndirectInputEvents = YES;
				"INFOPLIST_KEY_UIApplicationSupportsIndirectInputEvents[sdk=iphoneos*]" = YES;
				"INFOPLIST_KEY_UIApplicationSupportsIndirectInputEvents[sdk=iphonesimulator*]" = YES;
				INFOPLIST_KEY_UILaunchScreen_Generation = YES;
				"INFOPLIST_KEY_UILaunchScreen_Generation[sdk=iphoneos*]" = YES;
				"INFOPLIST_KEY_UILaunchScreen_Generation[sdk=iphonesimulator*]" = YES;
				INFOPLIST_KEY_UIStatusBarStyle = UIStatusBarStyleDefault;
				"INFOPLIST_KEY_UIStatusBarStyle[sdk=iphoneos*]" = UIStatusBarStyleDefault;
				"INFOPLIST_KEY_UIStatusBarStyle[sdk=iphonesimulator*]" = UIStatusBarStyleDefault;
				INFOPLIST_KEY_UISupportedInterfaceOrientations_iPad = "UIInterfaceOrientationPortrait UIInterfaceOrientationPortraitUpsideDown UIInterfaceOrientationLandscapeLeft UIInterfaceOrientationLandscapeRight";
				INFOPLIST_KEY_UISupportedInterfaceOrientations_iPhone = "UIInterfaceOrientationPortrait UIInterfaceOrientationLandscapeLeft UIInterfaceOrientationLandscapeRight";
				IPHONEOS_DEPLOYMENT_TARGET = 17.0;
				LD_RUNPATH_SEARCH_PATHS = "@executable_path/Frameworks";
				"LD_RUNPATH_SEARCH_PATHS[sdk=macosx*]" = "@executable_path/../Frameworks";
				MACOSX_DEPLOYMENT_TARGET = 14.0;
				MARKETING_VERSION = 1.0;
				PRODUCT_BUNDLE_IDENTIFIER = com.cobsccomp24.safewalk;
				PRODUCT_NAME = "$(TARGET_NAME)";
				SDKROOT = iphoneos;
				STRING_CATALOG_GENERATE_SYMBOLS = YES;
				SUPPORTED_PLATFORMS = "iphoneos iphonesimulator";
				SWIFT_APPROACHABLE_CONCURRENCY = YES;
				SWIFT_DEFAULT_ACTOR_ISOLATION = MainActor;
				SWIFT_EMIT_LOC_STRINGS = YES;
				SWIFT_UPCOMING_FEATURE_MEMBER_IMPORT_VISIBILITY = YES;
				SWIFT_VERSION = 5.0;
				TARGETED_DEVICE_FAMILY = "1,2";
			};
			name = Debug;
		};
		7D49584C2F80F5EF007D39DA /* Release */ = {
			isa = XCBuildConfiguration;
			buildSettings = {
				ASSETCATALOG_COMPILER_APPICON_NAME = AppIcon;
				ASSETCATALOG_COMPILER_GLOBAL_ACCENT_COLOR_NAME = AccentColor;
				CODE_SIGN_STYLE = Automatic;
				CURRENT_PROJECT_VERSION = 1;
				DEVELOPMENT_TEAM = R8U3M5N44W;
				ENABLE_PREVIEWS = YES;
				GENERATE_INFOPLIST_FILE = YES;
				INFOPLIST_FILE = SafeWalk/Info.plist;
				INFOPLIST_KEY_CFBundleURLTypes = "( {\n    CFBundleTypeRole = Editor;\n    CFBundleURLSchemes =     (\n        \"com.googleusercontent.apps.306821039012-bbcu61k5bo251uomr31ogq9mnh9okqk6\",\n    );\n} )";
				INFOPLIST_KEY_FirebaseAppDelegateProxyEnabled = YES;
				INFOPLIST_KEY_NSFaceIDUsageDescription = "SafeWalk uses Face ID for quick and secure safety check-ins.";
				INFOPLIST_KEY_NSLocationAlwaysAndWhenInUseUsageDescription = "SafeWalk needs your location for maps, live sharing during a walk, and to include your position if your timer ends.";
				INFOPLIST_KEY_NSLocationWhenInUseUsageDescription = "SafeWalk uses your location on the map and when sharing a walk with a guardian.";
				INFOPLIST_KEY_NSPhotoLibraryUsageDescription = "Choose a photo for your SafeWalk profile.";
				INFOPLIST_KEY_UIApplicationSceneManifest_Generation = YES;
				"INFOPLIST_KEY_UIApplicationSceneManifest_Generation[sdk=iphoneos*]" = YES;
				"INFOPLIST_KEY_UIApplicationSceneManifest_Generation[sdk=iphonesimulator*]" = YES;
				INFOPLIST_KEY_UIApplicationSupportsIndirectInputEvents = YES;
				"INFOPLIST_KEY_UIApplicationSupportsIndirectInputEvents[sdk=iphoneos*]" = YES;
				"INFOPLIST_KEY_UIApplicationSupportsIndirectInputEvents[sdk=iphonesimulator*]" = YES;
				INFOPLIST_KEY_UILaunchScreen_Generation = YES;
				"INFOPLIST_KEY_UILaunchScreen_Generation[sdk=iphoneos*]" = YES;
				"INFOPLIST_KEY_UILaunchScreen_Generation[sdk=iphonesimulator*]" = YES;
				INFOPLIST_KEY_UIStatusBarStyle = UIStatusBarStyleDefault;
				"INFOPLIST_KEY_UIStatusBarStyle[sdk=iphoneos*]" = UIStatusBarStyleDefault;
				"INFOPLIST_KEY_UIStatusBarStyle[sdk=iphonesimulator*]" = UIStatusBarStyleDefault;
				INFOPLIST_KEY_UISupportedInterfaceOrientations_iPad = "UIInterfaceOrientationPortrait UIInterfaceOrientationPortraitUpsideDown UIInterfaceOrientationLandscapeLeft UIInterfaceOrientationLandscapeRight";
				INFOPLIST_KEY_UISupportedInterfaceOrientations_iPhone = "UIInterfaceOrientationPortrait UIInterfaceOrientationLandscapeLeft UIInterfaceOrientationLandscapeRight";
				IPHONEOS_DEPLOYMENT_TARGET = 17.0;
				LD_RUNPATH_SEARCH_PATHS = "@executable_path/Frameworks";
				"LD_RUNPATH_SEARCH_PATHS[sdk=macosx*]" = "@executable_path/../Frameworks";
				MACOSX_DEPLOYMENT_TARGET = 14.0;
				MARKETING_VERSION = 1.0;
				PRODUCT_BUNDLE_IDENTIFIER = com.cobsccomp24.safewalk;
				PRODUCT_NAME = "$(TARGET_NAME)";
				SDKROOT = iphoneos;
				STRING_CATALOG_GENERATE_SYMBOLS = YES;
				SUPPORTED_PLATFORMS = "iphoneos iphonesimulator";
				SWIFT_APPROACHABLE_CONCURRENCY = YES;
				SWIFT_DEFAULT_ACTOR_ISOLATION = MainActor;
				SWIFT_EMIT_LOC_STRINGS = YES;
				SWIFT_UPCOMING_FEATURE_MEMBER_IMPORT_VISIBILITY = YES;
				SWIFT_VERSION = 5.0;
				TARGETED_DEVICE_FAMILY = "1,2";
			};
			name = Release;
		};
/* End XCBuildConfiguration section */

/* Begin XCConfigurationList section */
		7D49583A2F80F5EE007D39DA /* Build configuration list for PBXProject "SafeWalk" */ = {
			isa = XCConfigurationList;
			buildConfigurations = (
				7D4958482F80F5EF007D39DA /* Debug */,
				7D4958492F80F5EF007D39DA /* Release */,
			);
			defaultConfigurationIsVisible = 0;
			defaultConfigurationName = Release;
		};
		7D49584A2F80F5EF007D39DA /* Build configuration list for PBXNativeTarget "SafeWalk" */ = {
			isa = XCConfigurationList;
			buildConfigurations = (
				7D49584B2F80F5EF007D39DA /* Debug */,
				7D49584C2F80F5EF007D39DA /* Release */,
			);
			defaultConfigurationIsVisible = 0;
			defaultConfigurationName = Release;
		};
		9C07DEEDB12FC005E5E37FA9 /* Build configuration list for PBXNativeTarget "SafeWalkTests" */ = {
			isa = XCConfigurationList;
			buildConfigurations = (
				4054D70AA065E2A7FA1BD3EC /* Release */,
				51AAABC998AE7473F0F2384E /* Debug */,
			);
			defaultConfigurationIsVisible = 0;
			defaultConfigurationName = Release;
		};
/* End XCConfigurationList section */

/* Begin XCRemoteSwiftPackageReference section */
		7D4958A02F80F600007D39DA /* XCRemoteSwiftPackageReference "firebase-ios-sdk" */ = {
			isa = XCRemoteSwiftPackageReference;
			repositoryURL = "https://github.com/firebase/firebase-ios-sdk";
			requirement = {
				kind = upToNextMajorVersion;
				minimumVersion = 11.0.0;
			};
		};
		AA7A702F2BD6C77D41680221 /* XCRemoteSwiftPackageReference "GoogleSignIn-iOS" */ = {
			isa = XCRemoteSwiftPackageReference;
			repositoryURL = "https://github.com/google/GoogleSignIn-iOS.git";
			requirement = {
				kind = upToNextMajorVersion;
				minimumVersion = 7.1.0;
			};
		};
/* End XCRemoteSwiftPackageReference section */

/* Begin XCSwiftPackageProductDependency section */
		6D3F8634C66761128A7906F9 /* FirebaseAuth */ = {
			isa = XCSwiftPackageProductDependency;
			package = 7D4958A02F80F600007D39DA /* XCRemoteSwiftPackageReference "firebase-ios-sdk" */;
			productName = FirebaseAuth;
		};
		7D4958A12F80F600007D39DA /* FirebaseCore */ = {
			isa = XCSwiftPackageProductDependency;
			package = 7D4958A02F80F600007D39DA /* XCRemoteSwiftPackageReference "firebase-ios-sdk" */;
			productName = FirebaseCore;
		};
		7D4958A22F80F600007D39DA /* FirebaseFirestore */ = {
			isa = XCSwiftPackageProductDependency;
			package = 7D4958A02F80F600007D39DA /* XCRemoteSwiftPackageReference "firebase-ios-sdk" */;
			productName = FirebaseFirestore;
		};
		C348B8F26DA499FF7D18ED99 /* GoogleSignIn */ = {
			isa = XCSwiftPackageProductDependency;
			package = AA7A702F2BD6C77D41680221 /* XCRemoteSwiftPackageReference "GoogleSignIn-iOS" */;
			productName = GoogleSignIn;
		};
/* End XCSwiftPackageProductDependency section */
	};
	rootObject = 7D4958372F80F5EE007D39DA /* Project object */;
}
